// !$*UTF8*$!
{
	archiveVersion = 1;
	classes = {
	};
	objectVersion = 46;
	objects = {

/* Begin PBXBuildFile section */
		877B78101CC583D900155B24 /* AppDelegate.swift in Sources */ = {isa = PBXBuildFile; fileRef = 877B780F1CC583D900155B24 /* AppDelegate.swift */; };
		877B78121CC583D900155B24 /* ViewController.swift in Sources */ = {isa = PBXBuildFile; fileRef = 877B78111CC583D900155B24 /* ViewController.swift */; };
		877B78151CC583D900155B24 /* Main.storyboard in Resources */ = {isa = PBXBuildFile; fileRef = 877B78131CC583D900155B24 /* Main.storyboard */; };
		877B78171CC583D900155B24 /* Assets.xcassets in Resources */ = {isa = PBXBuildFile; fileRef = 877B78161CC583D900155B24 /* Assets.xcassets */; };
		877B781A1CC583D900155B24 /* LaunchScreen.storyboard in Resources */ = {isa = PBXBuildFile; fileRef = 877B78181CC583D900155B24 /* LaunchScreen.storyboard */; };
		877B78251CC583D900155B24 /* RockLunch_iPhoneTests.swift in Sources */ = {isa = PBXBuildFile; fileRef = 877B78241CC583D900155B24 /* RockLunch_iPhoneTests.swift */; };
/* End PBXBuildFile section */

/* Begin PBXContainerItemProxy section */
		877B78211CC583D900155B24 /* PBXContainerItemProxy */ = {
			isa = PBXContainerItemProxy;
			containerPortal = 877B78041CC583D900155B24 /* Project object */;
			proxyType = 1;
			remoteGlobalIDString = 877B780B1CC583D900155B24;
			remoteInfo = "RockLunch iPhone";
		};
/* End PBXContainerItemProxy section */

/* Begin PBXFileReference section */
		877B780C1CC583D900155B24 /* RockLunch iPhone.app */ = {isa = PBXFileReference; explicitFileType = wrapper.application; includeInIndex = 0; path = "RockLunch iPhone.app"; sourceTree = BUILT_PRODUCTS_DIR; };
		877B780F1CC583D900155B24 /* AppDelegate.swift */ = {isa = PBXFileReference; lastKnownFileType = sourcecode.swift; path = AppDelegate.swift; sourceTree = "<group>"; };
		877B78111CC583D900155B24 /* ViewController.swift */ = {isa = PBXFileReference; lastKnownFileType = sourcecode.swift; path = ViewController.swift; sourceTree = "<group>"; };
		877B78141CC583D900155B24 /* Base */ = {isa = PBXFileReference; lastKnownFileType = file.storyboard; name = Base; path = Base.lproj/Main.storyboard; sourceTree = "<group>"; };
		877B78161CC583D900155B24 /* Assets.xcassets */ = {isa = PBXFileReference; lastKnownFileType = folder.assetcatalog; path = Assets.xcassets; sourceTree = "<group>"; };
		877B78191CC583D900155B24 /* Base */ = {isa = PBXFileReference; lastKnownFileType = file.storyboard; name = Base; path = Base.lproj/LaunchScreen.storyboard; sourceTree = "<group>"; };
		877B781B1CC583D900155B24 /* Info.plist */ = {isa = PBXFileReference; lastKnownFileType = text.plist.xml; path = Info.plist; sourceTree = "<group>"; };
		877B78201CC583D900155B24 /* RockLunch iPhoneTests.xctest */ = {isa = PBXFileReference; explicitFileType = wrapper.cfbundle; includeInIndex = 0; path = "RockLunch iPhoneTests.xctest"; sourceTree = BUILT_PRODUCTS_DIR; };
		877B78241CC583D900155B24 /* RockLunch_iPhoneTests.swift */ = {isa = PBXFileReference; lastKnownFileType = sourcecode.swift; path = RockLunch_iPhoneTests.swift; sourceTree = "<group>"; };
		877B78261CC583D900155B24 /* Info.plist */ = {isa = PBXFileReference; lastKnownFileType = text.plist.xml; path = Info.plist; sourceTree = "<group>"; };
/* End PBXFileReference section */

/* Begin PBXFrameworksBuildPhase section */
		877B78091CC583D900155B24 /* Frameworks */ = {
			isa = PBXFrameworksBuildPhase;
			buildActionMask = 2147483647;
			files = (
			);
			runOnlyForDeploymentPostprocessing = 0;
		};
		877B781D1CC583D900155B24 /* Frameworks */ = {
			isa = PBXFrameworksBuildPhase;
			buildActionMask = 2147483647;
			files = (
			);
			runOnlyForDeploymentPostprocessing = 0;
		};
/* End PBXFrameworksBuildPhase section */

/* Begin PBXGroup section */
		877B78031CC583D900155B24 = {
			isa = PBXGroup;
			children = (
				877B780E1CC583D900155B24 /* RockLunch iPhone */,
				877B78231CC583D900155B24 /* RockLunch iPhoneTests */,
				877B780D1CC583D900155B24 /* Products */,
			);
			sourceTree = "<group>";
		};
		877B780D1CC583D900155B24 /* Products */ = {
			isa = PBXGroup;
			children = (
				877B780C1CC583D900155B24 /* RockLunch iPhone.app */,
				877B78201CC583D900155B24 /* RockLunch iPhoneTests.xctest */,
			);
			name = Products;
			sourceTree = "<group>";
		};
		877B780E1CC583D900155B24 /* RockLunch iPhone */ = {
			isa = PBXGroup;
			children = (
				877B780F1CC583D900155B24 /* AppDelegate.swift */,
				877B78111CC583D900155B24 /* ViewController.swift */,
				877B78131CC583D900155B24 /* Main.storyboard */,
				877B78161CC583D900155B24 /* Assets.xcassets */,
				877B78181CC583D900155B24 /* LaunchScreen.storyboard */,
				877B781B1CC583D900155B24 /* Info.plist */,
			);
			path = "RockLunch iPhone";
			sourceTree = "<group>";
		};
		877B78231CC583D900155B24 /* RockLunch iPhoneTests */ = {
			isa = PBXGroup;
			children = (
				877B78241CC583D900155B24 /* RockLunch_iPhoneTests.swift */,
				877B78261CC583D900155B24 /* Info.plist */,
			);
			path = "RockLunch iPhoneTests";
			sourceTree = "<group>";
		};
/* End PBXGroup section */

/* Begin PBXNativeTarget section */
		877B780B1CC583D900155B24 /* RockLunch iPhone */ = {
			isa = PBXNativeTarget;
			buildConfigurationList = 877B78291CC583D900155B24 /* Build configuration list for PBXNativeTarget "RockLunch iPhone" */;
			buildPhases = (
				877B78081CC583D900155B24 /* Sources */,
				877B78091CC583D900155B24 /* Frameworks */,
				877B780A1CC583D900155B24 /* Resources */,
			);
			buildRules = (
			);
			dependencies = (
			);
			name = "RockLunch iPhone";
			productName = "RockLunch iPhone";
			productReference = 877B780C1CC583D900155B24 /* RockLunch iPhone.app */;
			productType = "com.apple.product-type.application";
		};
		877B781F1CC583D900155B24 /* RockLunch iPhoneTests */ = {
			isa = PBXNativeTarget;
			buildConfigurationList = 877B782C1CC583D900155B24 /* Build configuration list for PBXNativeTarget "RockLunch iPhoneTests" */;
			buildPhases = (
				877B781C1CC583D900155B24 /* Sources */,
				877B781D1CC583D900155B24 /* Frameworks */,
				877B781E1CC583D900155B24 /* Resources */,
			);
			buildRules = (
			);
			dependencies = (
				877B78221CC583D900155B24 /* PBXTargetDependency */,
			);
			name = "RockLunch iPhoneTests";
			productName = "RockLunch iPhoneTests";
			productReference = 877B78201CC583D900155B24 /* RockLunch iPhoneTests.xctest */;
			productType = "com.apple.product-type.bundle.unit-test";
		};
/* End PBXNativeTarget section */

/* Begin PBXProject section */
		877B78041CC583D900155B24 /* Project object */ = {
			isa = PBXProject;
			attributes = {
				LastSwiftUpdateCheck = 0730;
				LastUpgradeCheck = 0730;
				ORGANIZATIONNAME = "Jacob Wilson";
				TargetAttributes = {
					877B780B1CC583D900155B24 = {
						CreatedOnToolsVersion = 7.3;
						DevelopmentTeam = 53LKC683BM;
					};
					877B781F1CC583D900155B24 = {
						CreatedOnToolsVersion = 7.3;
						DevelopmentTeam = 53LKC683BM;
						TestTargetID = 877B780B1CC583D900155B24;
					};
				};
			};
			buildConfigurationList = 877B78071CC583D900155B24 /* Build configuration list for PBXProject "RockLunch iPhone" */;
			compatibilityVersion = "Xcode 3.2";
			developmentRegion = English;
			hasScannedForEncodings = 0;
			knownRegions = (
				en,
				Base,
			);
			mainGroup = 877B78031CC583D900155B24;
			productRefGroup = 877B780D1CC583D900155B24 /* Products */;
			projectDirPath = "";
			projectRoot = "";
			targets = (
				877B780B1CC583D900155B24 /* RockLunch iPhone */,
				877B781F1CC583D900155B24 /* RockLunch iPhoneTests */,
			);
		};
/* End PBXProject section */

/* Begin PBXResourcesBuildPhase section */
		877B780A1CC583D900155B24 /* Resources */ = {
			isa = PBXResourcesBuildPhase;
			buildActionMask = 2147483647;
			files = (
				877B781A1CC583D900155B24 /* LaunchScreen.storyboard in Resources */,
				877B78171CC583D900155B24 /* Assets.xcassets in Resources */,
				877B78151CC583D900155B24 /* Main.storyboard in Resources */,
			);
			runOnlyForDeploymentPostprocessing = 0;
		};
		877B781E1CC583D900155B24 /* Resources */ = {
			isa = PBXResourcesBuildPhase;
			buildActionMask = 2147483647;
			files = (
			);
			runOnlyForDeploymentPostprocessing = 0;
		};
/* End PBXResourcesBuildPhase section */

/* Begin PBXSourcesBuildPhase section */
		877B78081CC583D900155B24 /* Sources */ = {
			isa = PBXSourcesBuildPhase;
			buildActionMask = 2147483647;
			files = (
				877B78121CC583D900155B24 /* ViewController.swift in Sources */,
				877B78101CC583D900155B24 /* AppDelegate.swift in Sources */,
			);
			runOnlyForDeploymentPostprocessing = 0;
		};
		877B781C1CC583D900155B24 /* Sources */ = {
			isa = PBXSourcesBuildPhase;
			buildActionMask = 2147483647;
			files = (
				877B78251CC583D900155B24 /* RockLunch_iPhoneTests.swift in Sources */,
			);
			runOnlyForDeploymentPostprocessing = 0;
		};
/* End PBXSourcesBuildPhase section */

/* Begin PBXTargetDependency section */
		877B78221CC583D900155B24 /* PBXTargetDependency */ = {
			isa = PBXTargetDependency;
			target = 877B780B1CC583D900155B24 /* RockLunch iPhone */;
			targetProxy = 877B78211CC583D900155B24 /* PBXContainerItemProxy */;
		};
/* End PBXTargetDependency section */

/* Begin PBXVariantGroup section */
		877B78131CC583D900155B24 /* Main.storyboard */ = {
			isa = PBXVariantGroup;
			children = (
				877B78141CC583D900155B24 /* Base */,
			);
			name = Main.storyboard;
			sourceTree = "<group>";
		};
		877B78181CC583D900155B24 /* LaunchScreen.storyboard */ = {
			isa = PBXVariantGroup;
			children = (
				877B78191CC583D900155B24 /* Base */,
			);
			name = LaunchScreen.storyboard;
			sourceTree = "<group>";
		};
/* End PBXVariantGroup section */

/* Begin XCBuildConfiguration section */
		877B78271CC583D900155B24 /* Debug */ = {
			isa = XCBuildConfiguration;
			buildSettings = {
				ALWAYS_SEARCH_USER_PATHS = NO;
				CLANG_ANALYZER_NONNULL = YES;
				CLANG_CXX_LANGUAGE_STANDARD = "gnu++0x";
				CLANG_CXX_LIBRARY = "libc++";
				CLANG_ENABLE_MODULES = YES;
				CLANG_ENABLE_OBJC_ARC = YES;
				CLANG_WARN_BOOL_CONVERSION = YES;
				CLANG_WARN_CONSTANT_CONVERSION = YES;
				CLANG_WARN_DIRECT_OBJC_ISA_USAGE = YES_ERROR;
				CLANG_WARN_EMPTY_BODY = YES;
				CLANG_WARN_ENUM_CONVERSION = YES;
				CLANG_WARN_INT_CONVERSION = YES;
				CLANG_WARN_OBJC_ROOT_CLASS = YES_ERROR;
				CLANG_WARN_UNREACHABLE_CODE = YES;
				CLANG_WARN__DUPLICATE_METHOD_MATCH = YES;
				"CODE_SIGN_IDENTITY[sdk=iphoneos*]" = "iPhone Developer";
				COPY_PHASE_STRIP = NO;
				DEBUG_INFORMATION_FORMAT = dwarf;
				ENABLE_STRICT_OBJC_MSGSEND = YES;
				ENABLE_TESTABILITY = YES;
				GCC_C_LANGUAGE_STANDARD = gnu99;
				GCC_DYNAMIC_NO_PIC = NO;
				GCC_NO_COMMON_BLOCKS = YES;
				GCC_OPTIMIZATION_LEVEL = 0;
				GCC_PREPROCESSOR_DEFINITIONS = (
					"DEBUG=1",
					"$(inherited)",
				);
				GCC_WARN_64_TO_32_BIT_CONVERSION = YES;
				GCC_WARN_ABOUT_RETURN_TYPE = YES_ERROR;
				GCC_WARN_UNDECLARED_SELECTOR = YES;
				GCC_WARN_UNINITIALIZED_AUTOS = YES_AGGRESSIVE;
				GCC_WARN_UNUSED_FUNCTION = YES;
				GCC_WARN_UNUSED_VARIABLE = YES;
				IPHONEOS_DEPLOYMENT_TARGET = 9.3;
				MTL_ENABLE_DEBUG_INFO = YES;
				ONLY_ACTIVE_ARCH = YES;
				SDKROOT = iphoneos;
				SWIFT_OPTIMIZATION_LEVEL = "-Onone";
			};
			name = Debug;
		};
		877B78281CC583D900155B24 /* Release */ = {
			isa = XCBuildConfiguration;
			buildSettings = {
				ALWAYS_SEARCH_USER_PATHS = NO;
				CLANG_ANALYZER_NONNULL = YES;
				CLANG_CXX_LANGUAGE_STANDARD = "gnu++0x";
				CLANG_CXX_LIBRARY = "libc++";
				CLANG_ENABLE_MODULES = YES;
				CLANG_ENABLE_OBJC_ARC = YES;
				CLANG_WARN_BOOL_CONVERSION = YES;
				CLANG_WARN_CONSTANT_CONVERSION = YES;
				CLANG_WARN_DIRECT_OBJC_ISA_USAGE = YES_ERROR;
				CLANG_WARN_EMPTY_BODY = YES;
				CLANG_WARN_ENUM_CONVERSION = YES;
				CLANG_WARN_INT_CONVERSION = YES;
				CLANG_WARN_OBJC_ROOT_CLASS = YES_ERROR;
				CLANG_WARN_UNREACHABLE_CODE = YES;
				CLANG_WARN__DUPLICATE_METHOD_MATCH = YES;
				"CODE_SIGN_IDENTITY[sdk=iphoneos*]" = "iPhone Developer";
				COPY_PHASE_STRIP = NO;
				DEBUG_INFORMATION_FORMAT = "dwarf-with-dsym";
				ENABLE_NS_ASSERTIONS = NO;
				ENABLE_STRICT_OBJC_MSGSEND = YES;
				GCC_C_LANGUAGE_STANDARD = gnu99;
				GCC_NO_COMMON_BLOCKS = YES;
				GCC_WARN_64_TO_32_BIT_CONVERSION = YES;
				GCC_WARN_ABOUT_RETURN_TYPE = YES_ERROR;
				GCC_WARN_UNDECLARED_SELECTOR = YES;
				GCC_WARN_UNINITIALIZED_AUTOS = YES_AGGRESSIVE;
				GCC_WARN_UNUSED_FUNCTION = YES;
				GCC_WARN_UNUSED_VARIABLE = YES;
				IPHONEOS_DEPLOYMENT_TARGET = 9.3;
				MTL_ENABLE_DEBUG_INFO = NO;
				SDKROOT = iphoneos;
				VALIDATE_PRODUCT = YES;
			};
			name = Release;
		};
		877B782A1CC583D900155B24 /* Debug */ = {
			isa = XCBuildConfiguration;
			buildSettings = {
				ASSETCATALOG_COMPILER_APPICON_NAME = AppIcon;
				INFOPLIST_FILE = "RockLunch iPhone/Info.plist";
				IPHONEOS_DEPLOYMENT_TARGET = 7.1;
				LD_RUNPATH_SEARCH_PATHS = "$(inherited) @executable_path/Frameworks";
				PRODUCT_BUNDLE_IDENTIFIER = "com.aquarii.RockLunch-iPhone";
				PRODUCT_NAME = "$(TARGET_NAME)";
			};
			name = Debug;
		};
		877B782B1CC583D900155B24 /* Release */ = {
			isa = XCBuildConfiguration;
			buildSettings = {
				ASSETCATALOG_COMPILER_APPICON_NAME = AppIcon;
				INFOPLIST_FILE = "RockLunch iPhone/Info.plist";
				IPHONEOS_DEPLOYMENT_TARGET = 7.1;
				LD_RUNPATH_SEARCH_PATHS = "$(inherited) @executable_path/Frameworks";
				PRODUCT_BUNDLE_IDENTIFIER = "com.aquarii.RockLunch-iPhone";
				PRODUCT_NAME = "$(TARGET_NAME)";
			};
			name = Release;
		};
		877B782D1CC583D900155B24 /* Debug */ = {
			isa = XCBuildConfiguration;
			buildSettings = {
				BUNDLE_LOADER = "$(TEST_HOST)";
				INFOPLIST_FILE = "RockLunch iPhoneTests/Info.plist";
				LD_RUNPATH_SEARCH_PATHS = "$(inherited) @executable_path/Frameworks @loader_path/Frameworks";
				PRODUCT_BUNDLE_IDENTIFIER = "com.aquarii.RockLunch-iPhoneTests";
				PRODUCT_NAME = "$(TARGET_NAME)";
				TEST_HOST = "$(BUILT_PRODUCTS_DIR)/RockLunch iPhone.app/RockLunch iPhone";
			};
			name = Debug;
		};
		877B782E1CC583D900155B24 /* Release */ = {
			isa = XCBuildConfiguration;
			buildSettings = {
				BUNDLE_LOADER = "$(TEST_HOST)";
				INFOPLIST_FILE = "RockLunch iPhoneTests/Info.plist";
				LD_RUNPATH_SEARCH_PATHS = "$(inherited) @executable_path/Frameworks @loader_path/Frameworks";
				PRODUCT_BUNDLE_IDENTIFIER = "com.aquarii.RockLunch-iPhoneTests";
				PRODUCT_NAME = "$(TARGET_NAME)";
				TEST_HOST = "$(BUILT_PRODUCTS_DIR)/RockLunch iPhone.app/RockLunch iPhone";
			};
			name = Release;
		};
/* End XCBuildConfiguration section */

/* Begin XCConfigurationList section */
		877B78071CC583D900155B24 /* Build configuration list for PBXProject "RockLunch iPhone" */ = {
			isa = XCConfigurationList;
			buildConfigurations = (
				877B78271CC583D900155B24 /* Debug */,
				877B78281CC583D900155B24 /* Release */,
			);
			defaultConfigurationIsVisible = 0;
			defaultConfigurationName = Release;
		};
		877B78291CC583D900155B24 /* Build configuration list for PBXNativeTarget "RockLunch iPhone" */ = {
			isa = XCConfigurationList;
			buildConfigurations = (
				877B782A1CC583D900155B24 /* Debug */,
				877B782B1CC583D900155B24 /* Release */,
			);
			defaultConfigurationIsVisible = 0;
		};
		877B782C1CC583D900155B24 /* Build configuration list for PBXNativeTarget "RockLunch iPhoneTests" */ = {
			isa = XCConfigurationList;
			buildConfigurations = (
				877B782D1CC583D900155B24 /* Debug */,
				877B782E1CC583D900155B24 /* Release */,
			);
			defaultConfigurationIsVisible = 0;
		};
/* End XCConfigurationList section */
	};
	rootObject = 877B78041CC583D900155B24 /* Project object */;
}
